
Microsoft Visual Studio Solution File, Format Version 12.00
# Visual Studio 15
VisualStudioVersion = 15.0.28307.1585
MinimumVisualStudioVersion = 10.0.40219.1
Project("{8BC9CEB8-8B4A-11D0-8D11-00A0C91BC942}") = "复习扫雷", "复习扫雷\复习扫雷.vcxproj", "{83342C27-789E-48EB-98BC-631C7552C65F}"
EndProject
Global
	GlobalSection(SolutionConfigurationPlatforms) = preSolution
		Debug|x64 = Debug|x64
		Debug|x86 = Debug|x86
		Release|x64 = Release|x64
		Release|x86 = Release|x86
	EndGlobalSection
	GlobalSection(ProjectConfigurationPlatforms) = postSolution
		{83342C27-789E-48EB-98BC-631C7552C65F}.Debug|x64.ActiveCfg = Debug|x64
		{83342C27-789E-48EB-98BC-631C7552C65F}.Debug|x64.Build.0 = Debug|x64
		{83342C27-789E-48EB-98BC-631C7552C65F}.Debug|x86.ActiveCfg = Debug|Win32
		{83342C27-789E-48EB-98BC-631C7552C65F}.Debug|x86.Build.0 = Debug|Win32
		{83342C27-789E-48EB-98BC-631C7552C65F}.Release|x64.ActiveCfg = Release|x64
		{83342C27-789E-48EB-98BC-631C7552C65F}.Release|x64.Build.0 = Release|x64
		{83342C27-789E-48EB-98BC-631C7552C65F}.Release|x86.ActiveCfg = Release|Win32
		{83342C27-789E-48EB-98BC-631C7552C65F}.Release|x86.Build.0 = Release|Win32
	EndGlobalSection
	GlobalSection(SolutionProperties) = preSolution
		HideSolutionNode = FALSE
	EndGlobalSection
	GlobalSection(ExtensibilityGlobals) = postSolution
		SolutionGuid = {40BD8B7D-2D89-48B8-B45D-CFC0A4CC00D8}
	EndGlobalSection
EndGlobal
